// !$*UTF8*$!
{
	archiveVersion = 1;
	classes = {
	};
	objectVersion = 56;
	objects = {

/* Begin PBXBuildFile section */
		6E34DFA22A5F3258006E73BE /* AppDelegate.swift in Sources */ = {isa = PBXBuildFile; fileRef = 6E34DFA12A5F3258006E73BE /* AppDelegate.swift */; };
		6E34DFAB2A5F3259006E73BE /* Assets.xcassets in Resources */ = {isa = PBXBuildFile; fileRef = 6E34DFAA2A5F3259006E73BE /* Assets.xcassets */; };
		6E34DFAE2A5F3259006E73BE /* LaunchScreen.storyboard in Resources */ = {isa = PBXBuildFile; fileRef = 6E34DFAC2A5F3259006E73BE /* LaunchScreen.storyboard */; };
		6E34DFBA2A5F3885006E73BE /* HomeViewController.swift in Sources */ = {isa = PBXBuildFile; fileRef = 6E34DFB82A5F3885006E73BE /* HomeViewController.swift */; };
		6E34DFBB2A5F3885006E73BE /* HomeViewController.xib in Resources */ = {isa = PBXBuildFile; fileRef = 6E34DFB92A5F3885006E73BE /* HomeViewController.xib */; };
		6E34DFBE2A5F38E5006E73BE /* BaseViewController.swift in Sources */ = {isa = PBXBuildFile; fileRef = 6E34DFBD2A5F38E5006E73BE /* BaseViewController.swift */; };
		6E34DFC12A5F3A11006E73BE /* UIWindowHelper.swift in Sources */ = {isa = PBXBuildFile; fileRef = 6E34DFC02A5F3A11006E73BE /* UIWindowHelper.swift */; };
		6E34DFC52A5F3A34006E73BE /* ImagesViewController.swift in Sources */ = {isa = PBXBuildFile; fileRef = 6E34DFC32A5F3A34006E73BE /* ImagesViewController.swift */; };
		6E34DFC62A5F3A34006E73BE /* ImagesViewController.xib in Resources */ = {isa = PBXBuildFile; fileRef = 6E34DFC42A5F3A34006E73BE /* ImagesViewController.xib */; };
		6E34DFCA2A5F3A4C006E73BE /* InformationViewController.swift in Sources */ = {isa = PBXBuildFile; fileRef = 6E34DFC82A5F3A4C006E73BE /* InformationViewController.swift */; };
		6E34DFCB2A5F3A4C006E73BE /* InformationViewController.xib in Resources */ = {isa = PBXBuildFile; fileRef = 6E34DFC92A5F3A4C006E73BE /* InformationViewController.xib */; };
		6E34DFCE2A5F3C90006E73BE /* RswiftLibrary in Frameworks */ = {isa = PBXBuildFile; productRef = 6E34DFCD2A5F3C90006E73BE /* RswiftLibrary */; };
		6E34DFD02A5F3C90006E73BE /* rswift in Frameworks */ = {isa = PBXBuildFile; productRef = 6E34DFCF2A5F3C90006E73BE /* rswift */; };
/* End PBXBuildFile section */

/* Begin PBXFileReference section */
		6E34DF9E2A5F3258006E73BE /* MyUnsplashApp.app */ = {isa = PBXFileReference; explicitFileType = wrapper.application; includeInIndex = 0; path = MyUnsplashApp.app; sourceTree = BUILT_PRODUCTS_DIR; };
		6E34DFA12A5F3258006E73BE /* AppDelegate.swift */ = {isa = PBXFileReference; lastKnownFileType = sourcecode.swift; path = AppDelegate.swift; sourceTree = "<group>"; };
		6E34DFAA2A5F3259006E73BE /* Assets.xcassets */ = {isa = PBXFileReference; lastKnownFileType = folder.assetcatalog; path = Assets.xcassets; sourceTree = "<group>"; };
		6E34DFAD2A5F3259006E73BE /* Base */ = {isa = PBXFileReference; lastKnownFileType = file.storyboard; name = Base; path = Base.lproj/LaunchScreen.storyboard; sourceTree = "<group>"; };
		6E34DFB52A5F3782006E73BE /* Info.plist */ = {isa = PBXFileReference; lastKnownFileType = text.plist.xml; path = Info.plist; sourceTree = "<group>"; };
		6E34DFB82A5F3885006E73BE /* HomeViewController.swift */ = {isa = PBXFileReference; lastKnownFileType = sourcecode.swift; path = HomeViewController.swift; sourceTree = "<group>"; };
		6E34DFB92A5F3885006E73BE /* HomeViewController.xib */ = {isa = PBXFileReference; lastKnownFileType = file.xib; path = HomeViewController.xib; sourceTree = "<group>"; };
		6E34DFBD2A5F38E5006E73BE /* BaseViewController.swift */ = {isa = PBXFileReference; lastKnownFileType = sourcecode.swift; path = BaseViewController.swift; sourceTree = "<group>"; };
		6E34DFC02A5F3A11006E73BE /* UIWindowHelper.swift */ = {isa = PBXFileReference; lastKnownFileType = sourcecode.swift; path = UIWindowHelper.swift; sourceTree = "<group>"; };
		6E34DFC32A5F3A34006E73BE /* ImagesViewController.swift */ = {isa = PBXFileReference; lastKnownFileType = sourcecode.swift; path = ImagesViewController.swift; sourceTree = "<group>"; };
		6E34DFC42A5F3A34006E73BE /* ImagesViewController.xib */ = {isa = PBXFileReference; lastKnownFileType = file.xib; path = ImagesViewController.xib; sourceTree = "<group>"; };
		6E34DFC82A5F3A4C006E73BE /* InformationViewController.swift */ = {isa = PBXFileReference; lastKnownFileType = sourcecode.swift; path = InformationViewController.swift; sourceTree = "<group>"; };
		6E34DFC92A5F3A4C006E73BE /* InformationViewController.xib */ = {isa = PBXFileReference; lastKnownFileType = file.xib; path = InformationViewController.xib; sourceTree = "<group>"; };
/* End PBXFileReference section */

/* Begin PBXFrameworksBuildPhase section */
		6E34DF9B2A5F3258006E73BE /* Frameworks */ = {
			isa = PBXFrameworksBuildPhase;
			buildActionMask = 2147483647;
			files = (
				6E34DFCE2A5F3C90006E73BE /* RswiftLibrary in Frameworks */,
				6E34DFD02A5F3C90006E73BE /* rswift in Frameworks */,
			);
			runOnlyForDeploymentPostprocessing = 0;
		};
/* End PBXFrameworksBuildPhase section */

/* Begin PBXGroup section */
		6E34DF952A5F3258006E73BE = {
			isa = PBXGroup;
			children = (
				6E34DFA02A5F3258006E73BE /* MyUnsplashApp */,
				6E34DF9F2A5F3258006E73BE /* Products */,
			);
			sourceTree = "<group>";
		};
		6E34DF9F2A5F3258006E73BE /* Products */ = {
			isa = PBXGroup;
			children = (
				6E34DF9E2A5F3258006E73BE /* MyUnsplashApp.app */,
			);
			name = Products;
			sourceTree = "<group>";
		};
		6E34DFA02A5F3258006E73BE /* MyUnsplashApp */ = {
			isa = PBXGroup;
			children = (
				6E34DFBF2A5F3A04006E73BE /* Helper */,
				6E34DFB62A5F386F006E73BE /* Scenes */,
				6E34DFA12A5F3258006E73BE /* AppDelegate.swift */,
				6E34DFAA2A5F3259006E73BE /* Assets.xcassets */,
				6E34DFAC2A5F3259006E73BE /* LaunchScreen.storyboard */,
				6E34DFB52A5F3782006E73BE /* Info.plist */,
			);
			path = MyUnsplashApp;
			sourceTree = "<group>";
		};
		6E34DFB62A5F386F006E73BE /* Scenes */ = {
			isa = PBXGroup;
			children = (
				6E34DFC72A5F3A3C006E73BE /* Information */,
				6E34DFC22A5F3A22006E73BE /* Images */,
				6E34DFB72A5F3874006E73BE /* Home */,
				6E34DFBD2A5F38E5006E73BE /* BaseViewController.swift */,
			);
			path = Scenes;
			sourceTree = "<group>";
		};
		6E34DFB72A5F3874006E73BE /* Home */ = {
			isa = PBXGroup;
			children = (
				6E34DFB82A5F3885006E73BE /* HomeViewController.swift */,
				6E34DFB92A5F3885006E73BE /* HomeViewController.xib */,
			);
			path = Home;
			sourceTree = "<group>";
		};
		6E34DFBF2A5F3A04006E73BE /* Helper */ = {
			isa = PBXGroup;
			children = (
				6E34DFC02A5F3A11006E73BE /* UIWindowHelper.swift */,
			);
			path = Helper;
			sourceTree = "<group>";
		};
		6E34DFC22A5F3A22006E73BE /* Images */ = {
			isa = PBXGroup;
			children = (
				6E34DFC32A5F3A34006E73BE /* ImagesViewController.swift */,
				6E34DFC42A5F3A34006E73BE /* ImagesViewController.xib */,
			);
			path = Images;
			sourceTree = "<group>";
		};
		6E34DFC72A5F3A3C006E73BE /* Information */ = {
			isa = PBXGroup;
			children = (
				6E34DFC82A5F3A4C006E73BE /* InformationViewController.swift */,
				6E34DFC92A5F3A4C006E73BE /* InformationViewController.xib */,
			);
			path = Information;
			sourceTree = "<group>";
		};
/* End PBXGroup section */

/* Begin PBXNativeTarget section */
		6E34DF9D2A5F3258006E73BE /* MyUnsplashApp */ = {
			isa = PBXNativeTarget;
			buildConfigurationList = 6E34DFB22A5F3259006E73BE /* Build configuration list for PBXNativeTarget "MyUnsplashApp" */;
			buildPhases = (
				6E34DF9A2A5F3258006E73BE /* Sources */,
				6E34DF9B2A5F3258006E73BE /* Frameworks */,
				6E34DF9C2A5F3258006E73BE /* Resources */,
			);
			buildRules = (
			);
			dependencies = (
				6E34DFD22A5F3CBF006E73BE /* PBXTargetDependency */,
			);
			name = MyUnsplashApp;
			packageProductDependencies = (
				6E34DFCD2A5F3C90006E73BE /* RswiftLibrary */,
				6E34DFCF2A5F3C90006E73BE /* rswift */,
			);
			productName = MyUnsplashApp;
			productReference = 6E34DF9E2A5F3258006E73BE /* MyUnsplashApp.app */;
			productType = "com.apple.product-type.application";
		};
/* End PBXNativeTarget section */

/* Begin PBXProject section */
		6E34DF962A5F3258006E73BE /* Project object */ = {
			isa = PBXProject;
			attributes = {
				BuildIndependentTargetsInParallel = 1;
				LastSwiftUpdateCheck = 1430;
				LastUpgradeCheck = 1430;
				TargetAttributes = {
					6E34DF9D2A5F3258006E73BE = {
						CreatedOnToolsVersion = 14.3;
					};
				};
			};
			buildConfigurationList = 6E34DF992A5F3258006E73BE /* Build configuration list for PBXProject "MyUnsplashApp" */;
			compatibilityVersion = "Xcode 14.0";
			developmentRegion = en;
			hasScannedForEncodings = 0;
			knownRegions = (
				en,
				Base,
			);
			mainGroup = 6E34DF952A5F3258006E73BE;
			packageReferences = (
				6E34DFCC2A5F3C90006E73BE /* XCRemoteSwiftPackageReference "R" */,
			);
			productRefGroup = 6E34DF9F2A5F3258006E73BE /* Products */;
			projectDirPath = "";
			projectRoot = "";
			targets = (
				6E34DF9D2A5F3258006E73BE /* MyUnsplashApp */,
			);
		};
/* End PBXProject section */

/* Begin PBXResourcesBuildPhase section */
		6E34DF9C2A5F3258006E73BE /* Resources */ = {
			isa = PBXResourcesBuildPhase;
			buildActionMask = 2147483647;
			files = (
				6E34DFAE2A5F3259006E73BE /* LaunchScreen.storyboard in Resources */,
				6E34DFCB2A5F3A4C006E73BE /* InformationViewController.xib in Resources */,
				6E34DFAB2A5F3259006E73BE /* Assets.xcassets in Resources */,
				6E34DFC62A5F3A34006E73BE /* ImagesViewController.xib in Resources */,
				6E34DFBB2A5F3885006E73BE /* HomeViewController.xib in Resources */,
			);
			runOnlyForDeploymentPostprocessing = 0;
		};
/* End PBXResourcesBuildPhase section */

/* Begin PBXSourcesBuildPhase section */
		6E34DF9A2A5F3258006E73BE /* Sources */ = {
			isa = PBXSourcesBuildPhase;
			buildActionMask = 2147483647;
			files = (
				6E34DFC52A5F3A34006E73BE /* ImagesViewController.swift in Sources */,
				6E34DFA22A5F3258006E73BE /* AppDelegate.swift in Sources */,
				6E34DFC12A5F3A11006E73BE /* UIWindowHelper.swift in Sources */,
				6E34DFBA2A5F3885006E73BE /* HomeViewController.swift in Sources */,
				6E34DFBE2A5F38E5006E73BE /* BaseViewController.swift in Sources */,
				6E34DFCA2A5F3A4C006E73BE /* InformationViewController.swift in Sources */,
			);
			runOnlyForDeploymentPostprocessing = 0;
		};
/* End PBXSourcesBuildPhase section */

/* Begin PBXTargetDependency section */
		6E34DFD22A5F3CBF006E73BE /* PBXTargetDependency */ = {
			isa = PBXTargetDependency;
			productRef = 6E34DFD12A5F3CBF006E73BE /* RswiftGenerateInternalResources */;
		};
/* End PBXTargetDependency section */

/* Begin PBXVariantGroup section */
		6E34DFAC2A5F3259006E73BE /* LaunchScreen.storyboard */ = {
			isa = PBXVariantGroup;
			children = (
				6E34DFAD2A5F3259006E73BE /* Base */,
			);
			name = LaunchScreen.storyboard;
			sourceTree = "<group>";
		};
/* End PBXVariantGroup section */

/* Begin XCBuildConfiguration section */
		6E34DFB02A5F3259006E73BE /* Debug */ = {
			isa = XCBuildConfiguration;
			buildSettings = {
				ALWAYS_SEARCH_USER_PATHS = NO;
				CLANG_ANALYZER_NONNULL = YES;
				CLANG_ANALYZER_NUMBER_OBJECT_CONVERSION = YES_AGGRESSIVE;
				CLANG_CXX_LANGUAGE_STANDARD = "gnu++20";
				CLANG_ENABLE_MODULES = YES;
				CLANG_ENABLE_OBJC_ARC = YES;
				CLANG_ENABLE_OBJC_WEAK = YES;
				CLANG_WARN_BLOCK_CAPTURE_AUTORELEASING = YES;
				CLANG_WARN_BOOL_CONVERSION = YES;
				CLANG_WARN_COMMA = YES;
				CLANG_WARN_CONSTANT_CONVERSION = YES;
				CLANG_WARN_DEPRECATED_OBJC_IMPLEMENTATIONS = YES;
				CLANG_WARN_DIRECT_OBJC_ISA_USAGE = YES_ERROR;
				CLANG_WARN_DOCUMENTATION_COMMENTS = YES;
				CLANG_WARN_EMPTY_BODY = YES;
				CLANG_WARN_ENUM_CONVERSION = YES;
				CLANG_WARN_INFINITE_RECURSION = YES;
				CLANG_WARN_INT_CONVERSION = YES;
				CLANG_WARN_NON_LITERAL_NULL_CONVERSION = YES;
				CLANG_WARN_OBJC_IMPLICIT_RETAIN_SELF = YES;
				CLANG_WARN_OBJC_LITERAL_CONVERSION = YES;
				CLANG_WARN_OBJC_ROOT_CLASS = YES_ERROR;
				CLANG_WARN_QUOTED_INCLUDE_IN_FRAMEWORK_HEADER = YES;
				CLANG_WARN_RANGE_LOOP_ANALYSIS = YES;
				CLANG_WARN_STRICT_PROTOTYPES = YES;
				CLANG_WARN_SUSPICIOUS_MOVE = YES;
				CLANG_WARN_UNGUARDED_AVAILABILITY = YES_AGGRESSIVE;
				CLANG_WARN_UNREACHABLE_CODE = YES;
				CLANG_WARN__DUPLICATE_METHOD_MATCH = YES;
				COPY_PHASE_STRIP = NO;
				DEBUG_INFORMATION_FORMAT = dwarf;
				ENABLE_STRICT_OBJC_MSGSEND = YES;
				ENABLE_TESTABILITY = YES;
				GCC_C_LANGUAGE_STANDARD = gnu11;
				GCC_DYNAMIC_NO_PIC = NO;
				GCC_NO_COMMON_BLOCKS = YES;
				GCC_OPTIMIZATION_LEVEL = 0;
				GCC_PREPROCESSOR_DEFINITIONS = (
					"DEBUG=1",
					"$(inherited)",
				);
				GCC_WARN_64_TO_32_BIT_CONVERSION = YES;
				GCC_WARN_ABOUT_RETURN_TYPE = YES_ERROR;
				GCC_WARN_UNDECLARED_SELECTOR = YES;
				GCC_WARN_UNINITIALIZED_AUTOS = YES_AGGRESSIVE;
				GCC_WARN_UNUSED_FUNCTION = YES;
				GCC_WARN_UNUSED_VARIABLE = YES;
				IPHONEOS_DEPLOYMENT_TARGET = 16.4;
				MTL_ENABLE_DEBUG_INFO = INCLUDE_SOURCE;
				MTL_FAST_MATH = YES;
				ONLY_ACTIVE_ARCH = YES;
				SDKROOT = iphoneos;
				SWIFT_ACTIVE_COMPILATION_CONDITIONS = DEBUG;
				SWIFT_OPTIMIZATION_LEVEL = "-Onone";
			};
			name = Debug;
		};
		6E34DFB12A5F3259006E73BE /* Release */ = {
			isa = XCBuildConfiguration;
			buildSettings = {
				ALWAYS_SEARCH_USER_PATHS = NO;
				CLANG_ANALYZER_NONNULL = YES;
				CLANG_ANALYZER_NUMBER_OBJECT_CONVERSION = YES_AGGRESSIVE;
				CLANG_CXX_LANGUAGE_STANDARD = "gnu++20";
				CLANG_ENABLE_MODULES = YES;
				CLANG_ENABLE_OBJC_ARC = YES;
				CLANG_ENABLE_OBJC_WEAK = YES;
				CLANG_WARN_BLOCK_CAPTURE_AUTORELEASING = YES;
				CLANG_WARN_BOOL_CONVERSION = YES;
				CLANG_WARN_COMMA = YES;
				CLANG_WARN_CONSTANT_CONVERSION = YES;
				CLANG_WARN_DEPRECATED_OBJC_IMPLEMENTATIONS = YES;
				CLANG_WARN_DIRECT_OBJC_ISA_USAGE = YES_ERROR;
				CLANG_WARN_DOCUMENTATION_COMMENTS = YES;
				CLANG_WARN_EMPTY_BODY = YES;
				CLANG_WARN_ENUM_CONVERSION = YES;
				CLANG_WARN_INFINITE_RECURSION = YES;
				CLANG_WARN_INT_CONVERSION = YES;
				CLANG_WARN_NON_LITERAL_NULL_CONVERSION = YES;
				CLANG_WARN_OBJC_IMPLICIT_RETAIN_SELF = YES;
				CLANG_WARN_OBJC_LITERAL_CONVERSION = YES;
				CLANG_WARN_OBJC_ROOT_CLASS = YES_ERROR;
				CLANG_WARN_QUOTED_INCLUDE_IN_FRAMEWORK_HEADER = YES;
				CLANG_WARN_RANGE_LOOP_ANALYSIS = YES;
				CLANG_WARN_STRICT_PROTOTYPES = YES;
				CLANG_WARN_SUSPICIOUS_MOVE = YES;
				CLANG_WARN_UNGUARDED_AVAILABILITY = YES_AGGRESSIVE;
				CLANG_WARN_UNREACHABLE_CODE = YES;
				CLANG_WARN__DUPLICATE_METHOD_MATCH = YES;
				COPY_PHASE_STRIP = NO;
				DEBUG_INFORMATION_FORMAT = "dwarf-with-dsym";
				ENABLE_NS_ASSERTIONS = NO;
				ENABLE_STRICT_OBJC_MSGSEND = YES;
				GCC_C_LANGUAGE_STANDARD = gnu11;
				GCC_NO_COMMON_BLOCKS = YES;
				GCC_WARN_64_TO_32_BIT_CONVERSION = YES;
				GCC_WARN_ABOUT_RETURN_TYPE = YES_ERROR;
				GCC_WARN_UNDECLARED_SELECTOR = YES;
				GCC_WARN_UNINITIALIZED_AUTOS = YES_AGGRESSIVE;
				GCC_WARN_UNUSED_FUNCTION = YES;
				GCC_WARN_UNUSED_VARIABLE = YES;
				IPHONEOS_DEPLOYMENT_TARGET = 16.4;
				MTL_ENABLE_DEBUG_INFO = NO;
				MTL_FAST_MATH = YES;
				SDKROOT = iphoneos;
				SWIFT_COMPILATION_MODE = wholemodule;
				SWIFT_OPTIMIZATION_LEVEL = "-O";
				VALIDATE_PRODUCT = YES;
			};
			name = Release;
		};
		6E34DFB32A5F3259006E73BE /* Debug */ = {
			isa = XCBuildConfiguration;
			buildSettings = {
				ASSETCATALOG_COMPILER_APPICON_NAME = AppIcon;
				ASSETCATALOG_COMPILER_GLOBAL_ACCENT_COLOR_NAME = AccentColor;
				CODE_SIGN_STYLE = Automatic;
				CURRENT_PROJECT_VERSION = 1;
				DEVELOPMENT_TEAM = KM7CND7A63;
				GENERATE_INFOPLIST_FILE = YES;
				INFOPLIST_FILE = MyUnsplashApp/Info.plist;
				INFOPLIST_KEY_UIApplicationSupportsIndirectInputEvents = YES;
				INFOPLIST_KEY_UILaunchStoryboardName = LaunchScreen.storyboard;
				INFOPLIST_KEY_UISupportedInterfaceOrientations = "UIInterfaceOrientationLandscapeLeft UIInterfaceOrientationLandscapeRight UIInterfaceOrientationPortrait";
				INFOPLIST_KEY_UISupportedInterfaceOrientations_iPad = "UIInterfaceOrientationLandscapeLeft UIInterfaceOrientationLandscapeRight";
				LD_RUNPATH_SEARCH_PATHS = (
					"$(inherited)",
					"@executable_path/Frameworks",
				);
				MARKETING_VERSION = 1.0;
				PRODUCT_BUNDLE_IDENTIFIER = my.test.some.MyUnsplashApp;
				PRODUCT_NAME = "$(TARGET_NAME)";
				SUPPORTED_PLATFORMS = "iphoneos iphonesimulator";
				SUPPORTS_MACCATALYST = NO;
				SUPPORTS_MAC_DESIGNED_FOR_IPHONE_IPAD = YES;
				SWIFT_EMIT_LOC_STRINGS = YES;
				SWIFT_VERSION = 5.0;
				TARGETED_DEVICE_FAMILY = 1;
			};
			name = Debug;
		};
		6E34DFB42A5F3259006E73BE /* Release */ = {
			isa = XCBuildConfiguration;
			buildSettings = {
				ASSETCATALOG_COMPILER_APPICON_NAME = AppIcon;
				ASSETCATALOG_COMPILER_GLOBAL_ACCENT_COLOR_NAME = AccentColor;
				CODE_SIGN_STYLE = Automatic;
				CURRENT_PROJECT_VERSION = 1;
				DEVELOPMENT_TEAM = KM7CND7A63;
				GENERATE_INFOPLIST_FILE = YES;
				INFOPLIST_FILE = MyUnsplashApp/Info.plist;
				INFOPLIST_KEY_UIApplicationSupportsIndirectInputEvents = YES;
				INFOPLIST_KEY_UILaunchStoryboardName = LaunchScreen.storyboard;
				INFOPLIST_KEY_UISupportedInterfaceOrientations = "UIInterfaceOrientationLandscapeLeft UIInterfaceOrientationLandscapeRight UIInterfaceOrientationPortrait";
				INFOPLIST_KEY_UISupportedInterfaceOrientations_iPad = "UIInterfaceOrientationLandscapeLeft UIInterfaceOrientationLandscapeRight";
				LD_RUNPATH_SEARCH_PATHS = (
					"$(inherited)",
					"@executable_path/Frameworks",
				);
				MARKETING_VERSION = 1.0;
				PRODUCT_BUNDLE_IDENTIFIER = my.test.some.MyUnsplashApp;
				PRODUCT_NAME = "$(TARGET_NAME)";
				SUPPORTED_PLATFORMS = "iphoneos iphonesimulator";
				SUPPORTS_MACCATALYST = NO;
				SUPPORTS_MAC_DESIGNED_FOR_IPHONE_IPAD = YES;
				SWIFT_EMIT_LOC_STRINGS = YES;
				SWIFT_VERSION = 5.0;
				TARGETED_DEVICE_FAMILY = 1;
			};
			name = Release;
		};
/* End XCBuildConfiguration section */

/* Begin XCConfigurationList section */
		6E34DF992A5F3258006E73BE /* Build configuration list for PBXProject "MyUnsplashApp" */ = {
			isa = XCConfigurationList;
			buildConfigurations = (
				6E34DFB02A5F3259006E73BE /* Debug */,
				6E34DFB12A5F3259006E73BE /* Release */,
			);
			defaultConfigurationIsVisible = 0;
			defaultConfigurationName = Release;
		};
		6E34DFB22A5F3259006E73BE /* Build configuration list for PBXNativeTarget "MyUnsplashApp" */ = {
			isa = XCConfigurationList;
			buildConfigurations = (
				6E34DFB32A5F3259006E73BE /* Debug */,
				6E34DFB42A5F3259006E73BE /* Release */,
			);
			defaultConfigurationIsVisible = 0;
			defaultConfigurationName = Release;
		};
/* End XCConfigurationList section */

/* Begin XCRemoteSwiftPackageReference section */
		6E34DFCC2A5F3C90006E73BE /* XCRemoteSwiftPackageReference "R" */ = {
			isa = XCRemoteSwiftPackageReference;
			repositoryURL = "https://github.com/mac-cain13/R.swift";
			requirement = {
				kind = upToNextMajorVersion;
				minimumVersion = 7.0.0;
			};
		};
/* End XCRemoteSwiftPackageReference section */

/* Begin XCSwiftPackageProductDependency section */
		6E34DFCD2A5F3C90006E73BE /* RswiftLibrary */ = {
			isa = XCSwiftPackageProductDependency;
			package = 6E34DFCC2A5F3C90006E73BE /* XCRemoteSwiftPackageReference "R" */;
			productName = RswiftLibrary;
		};
		6E34DFCF2A5F3C90006E73BE /* rswift */ = {
			isa = XCSwiftPackageProductDependency;
			package = 6E34DFCC2A5F3C90006E73BE /* XCRemoteSwiftPackageReference "R" */;
			productName = rswift;
		};
		6E34DFD12A5F3CBF006E73BE /* RswiftGenerateInternalResources */ = {
			isa = XCSwiftPackageProductDependency;
			package = 6E34DFCC2A5F3C90006E73BE /* XCRemoteSwiftPackageReference "R" */;
			productName = "plugin:RswiftGenerateInternalResources";
		};
/* End XCSwiftPackageProductDependency section */
	};
	rootObject = 6E34DF962A5F3258006E73BE /* Project object */;
}
